
Microsoft Visual Studio Solution File, Format Version 12.00
# Visual Studio 2012
Project("{FAE04EC0-301F-11D3-BF4B-00C04F79EFBC}") = "[EDD]Practica1", "[EDD]Practica1\[EDD]Practica1.csproj", "{EDCA584D-4C87-4C30-A5C2-AC77B46D66AB}"
EndProject
Global
	GlobalSection(SolutionConfigurationPlatforms) = preSolution
		Debug|Any CPU = Debug|Any CPU
		Release|Any CPU = Release|Any CPU
	EndGlobalSection
	GlobalSection(ProjectConfigurationPlatforms) = postSolution
		{EDCA584D-4C87-4C30-A5C2-AC77B46D66AB}.Debug|Any CPU.ActiveCfg = Debug|Any CPU
		{EDCA584D-4C87-4C30-A5C2-AC77B46D66AB}.Debug|Any CPU.Build.0 = Debug|Any CPU
		{EDCA584D-4C87-4C30-A5C2-AC77B46D66AB}.Release|Any CPU.ActiveCfg = Release|Any CPU
		{EDCA584D-4C87-4C30-A5C2-AC77B46D66AB}.Release|Any CPU.Build.0 = Release|Any CPU
	EndGlobalSection
	GlobalSection(SolutionProperties) = preSolution
		HideSolutionNode = FALSE
	EndGlobalSection
EndGlobal
